
Microsoft Visual Studio Solution File, Format Version 12.00
# Visual Studio Version 16
VisualStudioVersion = 16.0.31515.178
MinimumVisualStudioVersion = 10.0.40219.1
Project("{FAE04EC0-301F-11D3-BF4B-00C04F79EFBC}") = "DigitalSGKWeb", "DigitalSGKWeb\DigitalSGKWeb.csproj", "{97A757D6-83B1-4D04-9C62-5CBF9121EC6D}"
EndProject
Global
	GlobalSection(SolutionConfigurationPlatforms) = preSolution
		Debug|Any CPU = Debug|Any CPU
		Release|Any CPU = Release|Any CPU
	EndGlobalSection
	GlobalSection(ProjectConfigurationPlatforms) = postSolution
		{97A757D6-83B1-4D04-9C62-5CBF9121EC6D}.Debug|Any CPU.ActiveCfg = Debug|Any CPU
		{97A757D6-83B1-4D04-9C62-5CBF9121EC6D}.Debug|Any CPU.Build.0 = Debug|Any CPU
		{97A757D6-83B1-4D04-9C62-5CBF9121EC6D}.Release|Any CPU.ActiveCfg = Release|Any CPU
		{97A757D6-83B1-4D04-9C62-5CBF9121EC6D}.Release|Any CPU.Build.0 = Release|Any CPU
	EndGlobalSection
	GlobalSection(SolutionProperties) = preSolution
		HideSolutionNode = FALSE
	EndGlobalSection
	GlobalSection(ExtensibilityGlobals) = postSolution
		SolutionGuid = {D1FA19AA-3940-46F9-847C-5F78F5CEF9BB}
	EndGlobalSection
EndGlobal
